
Microsoft Visual Studio Solution File, Format Version 12.00
# Visual Studio Version 16
VisualStudioVersion = 16.0.33423.256
MinimumVisualStudioVersion = 10.0.40219.1
Project("{FAE04EC0-301F-11D3-BF4B-00C04F79EFBC}") = "heraldscraper", "heraldscraper\heraldscraper.csproj", "{424C29C9-90C7-4F53-8F82-B411D8708477}"
EndProject
Global
	GlobalSection(SolutionConfigurationPlatforms) = preSolution
		Debug|Any CPU = Debug|Any CPU
		Release|Any CPU = Release|Any CPU
	EndGlobalSection
	GlobalSection(ProjectConfigurationPlatforms) = postSolution
		{424C29C9-90C7-4F53-8F82-B411D8708477}.Debug|Any CPU.ActiveCfg = Debug|Any CPU
		{424C29C9-90C7-4F53-8F82-B411D8708477}.Debug|Any CPU.Build.0 = Debug|Any CPU
		{424C29C9-90C7-4F53-8F82-B411D8708477}.Release|Any CPU.ActiveCfg = Release|Any CPU
		{424C29C9-90C7-4F53-8F82-B411D8708477}.Release|Any CPU.Build.0 = Release|Any CPU
	EndGlobalSection
	GlobalSection(SolutionProperties) = preSolution
		HideSolutionNode = FALSE
	EndGlobalSection
	GlobalSection(ExtensibilityGlobals) = postSolution
		SolutionGuid = {072B0211-C221-428A-A5BF-0E984F7B2109}
	EndGlobalSection
EndGlobal
